%{
  "elixir_make": {:hex, :elixir_make, "0.6.2", "7dffacd77dec4c37b39af867cedaabb0b59f6a871f89722c25b28fcd4bd70530", [:mix], [], "hexpm", "03e49eadda22526a7e5279d53321d1cced6552f344ba4e03e619063de75348d9"},
  "input_event": {:hex, :input_event, "0.4.2", "d13cbb3d80f9c74de91ad8586183958eeab4450fc27c6637dc3c069f3b53b64a", [:make, :mix], [{:elixir_make, "~> 0.6", [hex: :elixir_make, repo: "hexpm", optional: false]}], "hexpm", "8cf4ceaf34476e7064820c5486942fd29e51294c5deb628574fd93af0e84f793"},
}
